// !$*UTF8*$!
{
	archiveVersion = 1;
	classes = {
	};
	objectVersion = 50;
	objects = {

/* Begin PBXBuildFile section */
		DBBB91C02360F33F00AEEBC2 /* AppDelegate.swift in Sources */ = {isa = PBXBuildFile; fileRef = DBBB91BF2360F33F00AEEBC2 /* AppDelegate.swift */; };
		DBBB91C22360F33F00AEEBC2 /* SceneDelegate.swift in Sources */ = {isa = PBXBuildFile; fileRef = DBBB91C12360F33F00AEEBC2 /* SceneDelegate.swift */; };
		DBBB91C42360F33F00AEEBC2 /* ViewController.swift in Sources */ = {isa = PBXBuildFile; fileRef = DBBB91C32360F33F00AEEBC2 /* ViewController.swift */; };
		DBBB91C72360F33F00AEEBC2 /* Main.storyboard in Resources */ = {isa = PBXBuildFile; fileRef = DBBB91C52360F33F00AEEBC2 /* Main.storyboard */; };
		DBBB91C92360F34000AEEBC2 /* Assets.xcassets in Resources */ = {isa = PBXBuildFile; fileRef = DBBB91C82360F34000AEEBC2 /* Assets.xcassets */; };
		DBBB91CC2360F34000AEEBC2 /* LaunchScreen.storyboard in Resources */ = {isa = PBXBuildFile; fileRef = DBBB91CA2360F34000AEEBC2 /* LaunchScreen.storyboard */; };
		DBBB91D42360F63F00AEEBC2 /* DetailViewController.swift in Sources */ = {isa = PBXBuildFile; fileRef = DBBB91D32360F63F00AEEBC2 /* DetailViewController.swift */; };
/* End PBXBuildFile section */

/* Begin PBXFileReference section */
		DBBB91BC2360F33F00AEEBC2 /* 100DaysChallenge1.app */ = {isa = PBXFileReference; explicitFileType = wrapper.application; includeInIndex = 0; path = 100DaysChallenge1.app; sourceTree = BUILT_PRODUCTS_DIR; };
		DBBB91BF2360F33F00AEEBC2 /* AppDelegate.swift */ = {isa = PBXFileReference; lastKnownFileType = sourcecode.swift; path = AppDelegate.swift; sourceTree = "<group>"; };
		DBBB91C12360F33F00AEEBC2 /* SceneDelegate.swift */ = {isa = PBXFileReference; lastKnownFileType = sourcecode.swift; path = SceneDelegate.swift; sourceTree = "<group>"; };
		DBBB91C32360F33F00AEEBC2 /* ViewController.swift */ = {isa = PBXFileReference; lastKnownFileType = sourcecode.swift; path = ViewController.swift; sourceTree = "<group>"; };
		DBBB91C62360F33F00AEEBC2 /* Base */ = {isa = PBXFileReference; lastKnownFileType = file.storyboard; name = Base; path = Base.lproj/Main.storyboard; sourceTree = "<group>"; };
		DBBB91C82360F34000AEEBC2 /* Assets.xcassets */ = {isa = PBXFileReference; lastKnownFileType = folder.assetcatalog; path = Assets.xcassets; sourceTree = "<group>"; };
		DBBB91CB2360F34000AEEBC2 /* Base */ = {isa = PBXFileReference; lastKnownFileType = file.storyboard; name = Base; path = Base.lproj/LaunchScreen.storyboard; sourceTree = "<group>"; };
		DBBB91CD2360F34000AEEBC2 /* Info.plist */ = {isa = PBXFileReference; lastKnownFileType = text.plist.xml; path = Info.plist; sourceTree = "<group>"; };
		DBBB91D32360F63F00AEEBC2 /* DetailViewController.swift */ = {isa = PBXFileReference; lastKnownFileType = sourcecode.swift; path = DetailViewController.swift; sourceTree = "<group>"; };
/* End PBXFileReference section */

/* Begin PBXFrameworksBuildPhase section */
		DBBB91B92360F33F00AEEBC2 /* Frameworks */ = {
			isa = PBXFrameworksBuildPhase;
			buildActionMask = 2147483647;
			files = (
			);
			runOnlyForDeploymentPostprocessing = 0;
		};
/* End PBXFrameworksBuildPhase section */

/* Begin PBXGroup section */
		DBBB91B32360F33F00AEEBC2 = {
			isa = PBXGroup;
			children = (
				DBBB91BE2360F33F00AEEBC2 /* 100DaysChallenge1 */,
				DBBB91BD2360F33F00AEEBC2 /* Products */,
			);
			sourceTree = "<group>";
		};
		DBBB91BD2360F33F00AEEBC2 /* Products */ = {
			isa = PBXGroup;
			children = (
				DBBB91BC2360F33F00AEEBC2 /* 100DaysChallenge1.app */,
			);
			name = Products;
			sourceTree = "<group>";
		};
		DBBB91BE2360F33F00AEEBC2 /* 100DaysChallenge1 */ = {
			isa = PBXGroup;
			children = (
				DBBB91BF2360F33F00AEEBC2 /* AppDelegate.swift */,
				DBBB91C12360F33F00AEEBC2 /* SceneDelegate.swift */,
				DBBB91C32360F33F00AEEBC2 /* ViewController.swift */,
				DBBB91D32360F63F00AEEBC2 /* DetailViewController.swift */,
				DBBB91C52360F33F00AEEBC2 /* Main.storyboard */,
				DBBB91C82360F34000AEEBC2 /* Assets.xcassets */,
				DBBB91CA2360F34000AEEBC2 /* LaunchScreen.storyboard */,
				DBBB91CD2360F34000AEEBC2 /* Info.plist */,
			);
			path = 100DaysChallenge1;
			sourceTree = "<group>";
		};
/* End PBXGroup section */

/* Begin PBXNativeTarget section */
		DBBB91BB2360F33F00AEEBC2 /* 100DaysChallenge1 */ = {
			isa = PBXNativeTarget;
			buildConfigurationList = DBBB91D02360F34000AEEBC2 /* Build configuration list for PBXNativeTarget "100DaysChallenge1" */;
			buildPhases = (
				DBBB91B82360F33F00AEEBC2 /* Sources */,
				DBBB91B92360F33F00AEEBC2 /* Frameworks */,
				DBBB91BA2360F33F00AEEBC2 /* Resources */,
			);
			buildRules = (
			);
			dependencies = (
			);
			name = 100DaysChallenge1;
			productName = 100DaysChallenge1;
			productReference = DBBB91BC2360F33F00AEEBC2 /* 100DaysChallenge1.app */;
			productType = "com.apple.product-type.application";
		};
/* End PBXNativeTarget section */

/* Begin PBXProject section */
		DBBB91B42360F33F00AEEBC2 /* Project object */ = {
			isa = PBXProject;
			attributes = {
				LastSwiftUpdateCheck = 1110;
				LastUpgradeCheck = 1110;
				ORGANIZATIONNAME = "Todd Ayers";
				TargetAttributes = {
					DBBB91BB2360F33F00AEEBC2 = {
						CreatedOnToolsVersion = 11.1;
					};
				};
			};
			buildConfigurationList = DBBB91B72360F33F00AEEBC2 /* Build configuration list for PBXProject "100DaysChallenge1" */;
			compatibilityVersion = "Xcode 9.3";
			developmentRegion = en;
			hasScannedForEncodings = 0;
			knownRegions = (
				en,
				Base,
			);
			mainGroup = DBBB91B32360F33F00AEEBC2;
			productRefGroup = DBBB91BD2360F33F00AEEBC2 /* Products */;
			projectDirPath = "";
			projectRoot = "";
			targets = (
				DBBB91BB2360F33F00AEEBC2 /* 100DaysChallenge1 */,
			);
		};
/* End PBXProject section */

/* Begin PBXResourcesBuildPhase section */
		DBBB91BA2360F33F00AEEBC2 /* Resources */ = {
			isa = PBXResourcesBuildPhase;
			buildActionMask = 2147483647;
			files = (
				DBBB91CC2360F34000AEEBC2 /* LaunchScreen.storyboard in Resources */,
				DBBB91C92360F34000AEEBC2 /* Assets.xcassets in Resources */,
				DBBB91C72360F33F00AEEBC2 /* Main.storyboard in Resources */,
			);
			runOnlyForDeploymentPostprocessing = 0;
		};
/* End PBXResourcesBuildPhase section */

/* Begin PBXSourcesBuildPhase section */
		DBBB91B82360F33F00AEEBC2 /* Sources */ = {
			isa = PBXSourcesBuildPhase;
			buildActionMask = 2147483647;
			files = (
				DBBB91C42360F33F00AEEBC2 /* ViewController.swift in Sources */,
				DBBB91C02360F33F00AEEBC2 /* AppDelegate.swift in Sources */,
				DBBB91C22360F33F00AEEBC2 /* SceneDelegate.swift in Sources */,
				DBBB91D42360F63F00AEEBC2 /* DetailViewController.swift in Sources */,
			);
			runOnlyForDeploymentPostprocessing = 0;
		};
/* End PBXSourcesBuildPhase section */

/* Begin PBXVariantGroup section */
		DBBB91C52360F33F00AEEBC2 /* Main.storyboard */ = {
			isa = PBXVariantGroup;
			children = (
				DBBB91C62360F33F00AEEBC2 /* Base */,
			);
			name = Main.storyboard;
			sourceTree = "<group>";
		};
		DBBB91CA2360F34000AEEBC2 /* LaunchScreen.storyboard */ = {
			isa = PBXVariantGroup;
			children = (
				DBBB91CB2360F34000AEEBC2 /* Base */,
			);
			name = LaunchScreen.storyboard;
			sourceTree = "<group>";
		};
/* End PBXVariantGroup section */

/* Begin XCBuildConfiguration section */
		DBBB91CE2360F34000AEEBC2 /* Debug */ = {
			isa = XCBuildConfiguration;
			buildSettings = {
				ALWAYS_SEARCH_USER_PATHS = NO;
				CLANG_ANALYZER_NONNULL = YES;
				CLANG_ANALYZER_NUMBER_OBJECT_CONVERSION = YES_AGGRESSIVE;
				CLANG_CXX_LANGUAGE_STANDARD = "gnu++14";
				CLANG_CXX_LIBRARY = "libc++";
				CLANG_ENABLE_MODULES = YES;
				CLANG_ENABLE_OBJC_ARC = YES;
				CLANG_ENABLE_OBJC_WEAK = YES;
				CLANG_WARN_BLOCK_CAPTURE_AUTORELEASING = YES;
				CLANG_WARN_BOOL_CONVERSION = YES;
				CLANG_WARN_COMMA = YES;
				CLANG_WARN_CONSTANT_CONVERSION = YES;
				CLANG_WARN_DEPRECATED_OBJC_IMPLEMENTATIONS = YES;
				CLANG_WARN_DIRECT_OBJC_ISA_USAGE = YES_ERROR;
				CLANG_WARN_DOCUMENTATION_COMMENTS = YES;
				CLANG_WARN_EMPTY_BODY = YES;
				CLANG_WARN_ENUM_CONVERSION = YES;
				CLANG_WARN_INFINITE_RECURSION = YES;
				CLANG_WARN_INT_CONVERSION = YES;
				CLANG_WARN_NON_LITERAL_NULL_CONVERSION = YES;
				CLANG_WARN_OBJC_IMPLICIT_RETAIN_SELF = YES;
				CLANG_WARN_OBJC_LITERAL_CONVERSION = YES;
				CLANG_WARN_OBJC_ROOT_CLASS = YES_ERROR;
				CLANG_WARN_RANGE_LOOP_ANALYSIS = YES;
				CLANG_WARN_STRICT_PROTOTYPES = YES;
				CLANG_WARN_SUSPICIOUS_MOVE = YES;
				CLANG_WARN_UNGUARDED_AVAILABILITY = YES_AGGRESSIVE;
				CLANG_WARN_UNREACHABLE_CODE = YES;
				CLANG_WARN__DUPLICATE_METHOD_MATCH = YES;
				COPY_PHASE_STRIP = NO;
				DEBUG_INFORMATION_FORMAT = dwarf;
				ENABLE_STRICT_OBJC_MSGSEND = YES;
				ENABLE_TESTABILITY = YES;
				GCC_C_LANGUAGE_STANDARD = gnu11;
				GCC_DYNAMIC_NO_PIC = NO;
				GCC_NO_COMMON_BLOCKS = YES;
				GCC_OPTIMIZATION_LEVEL = 0;
				GCC_PREPROCESSOR_DEFINITIONS = (
					"DEBUG=1",
					"$(inherited)",
				);
				GCC_WARN_64_TO_32_BIT_CONVERSION = YES;
				GCC_WARN_ABOUT_RETURN_TYPE = YES_ERROR;
				GCC_WARN_UNDECLARED_SELECTOR = YES;
				GCC_WARN_UNINITIALIZED_AUTOS = YES_AGGRESSIVE;
				GCC_WARN_UNUSED_FUNCTION = YES;
				GCC_WARN_UNUSED_VARIABLE = YES;
				IPHONEOS_DEPLOYMENT_TARGET = 13.1;
				MTL_ENABLE_DEBUG_INFO = INCLUDE_SOURCE;
				MTL_FAST_MATH = YES;
				ONLY_ACTIVE_ARCH = YES;
				SDKROOT = iphoneos;
				SWIFT_ACTIVE_COMPILATION_CONDITIONS = DEBUG;
				SWIFT_OPTIMIZATION_LEVEL = "-Onone";
			};
			name = Debug;
		};
		DBBB91CF2360F34000AEEBC2 /* Release */ = {
			isa = XCBuildConfiguration;
			buildSettings = {
				ALWAYS_SEARCH_USER_PATHS = NO;
				CLANG_ANALYZER_NONNULL = YES;
				CLANG_ANALYZER_NUMBER_OBJECT_CONVERSION = YES_AGGRESSIVE;
				CLANG_CXX_LANGUAGE_STANDARD = "gnu++14";
				CLANG_CXX_LIBRARY = "libc++";
				CLANG_ENABLE_MODULES = YES;
				CLANG_ENABLE_OBJC_ARC = YES;
				CLANG_ENABLE_OBJC_WEAK = YES;
				CLANG_WARN_BLOCK_CAPTURE_AUTORELEASING = YES;
				CLANG_WARN_BOOL_CONVERSION = YES;
				CLANG_WARN_COMMA = YES;
				CLANG_WARN_CONSTANT_CONVERSION = YES;
				CLANG_WARN_DEPRECATED_OBJC_IMPLEMENTATIONS = YES;
				CLANG_WARN_DIRECT_OBJC_ISA_USAGE = YES_ERROR;
				CLANG_WARN_DOCUMENTATION_COMMENTS = YES;
				CLANG_WARN_EMPTY_BODY = YES;
				CLANG_WARN_ENUM_CONVERSION = YES;
				CLANG_WARN_INFINITE_RECURSION = YES;
				CLANG_WARN_INT_CONVERSION = YES;
				CLANG_WARN_NON_LITERAL_NULL_CONVERSION = YES;
				CLANG_WARN_OBJC_IMPLICIT_RETAIN_SELF = YES;
				CLANG_WARN_OBJC_LITERAL_CONVERSION = YES;
				CLANG_WARN_OBJC_ROOT_CLASS = YES_ERROR;
				CLANG_WARN_RANGE_LOOP_ANALYSIS = YES;
				CLANG_WARN_STRICT_PROTOTYPES = YES;
				CLANG_WARN_SUSPICIOUS_MOVE = YES;
				CLANG_WARN_UNGUARDED_AVAILABILITY = YES_AGGRESSIVE;
				CLANG_WARN_UNREACHABLE_CODE = YES;
				CLANG_WARN__DUPLICATE_METHOD_MATCH = YES;
				COPY_PHASE_STRIP = NO;
				DEBUG_INFORMATION_FORMAT = "dwarf-with-dsym";
				ENABLE_NS_ASSERTIONS = NO;
				ENABLE_STRICT_OBJC_MSGSEND = YES;
				GCC_C_LANGUAGE_STANDARD = gnu11;
				GCC_NO_COMMON_BLOCKS = YES;
				GCC_WARN_64_TO_32_BIT_CONVERSION = YES;
				GCC_WARN_ABOUT_RETURN_TYPE = YES_ERROR;
				GCC_WARN_UNDECLARED_SELECTOR = YES;
				GCC_WARN_UNINITIALIZED_AUTOS = YES_AGGRESSIVE;
				GCC_WARN_UNUSED_FUNCTION = YES;
				GCC_WARN_UNUSED_VARIABLE = YES;
				IPHONEOS_DEPLOYMENT_TARGET = 13.1;
				MTL_ENABLE_DEBUG_INFO = NO;
				MTL_FAST_MATH = YES;
				SDKROOT = iphoneos;
				SWIFT_COMPILATION_MODE = wholemodule;
				SWIFT_OPTIMIZATION_LEVEL = "-O";
				VALIDATE_PRODUCT = YES;
			};
			name = Release;
		};
		DBBB91D12360F34000AEEBC2 /* Debug */ = {
			isa = XCBuildConfiguration;
			buildSettings = {
				ASSETCATALOG_COMPILER_APPICON_NAME = AppIcon;
				CODE_SIGN_STYLE = Automatic;
				INFOPLIST_FILE = 100DaysChallenge1/Info.plist;
				LD_RUNPATH_SEARCH_PATHS = (
					"$(inherited)",
					"@executable_path/Frameworks",
				);
				PRODUCT_BUNDLE_IDENTIFIER = "com.taayers.-00DaysChallenge1";
				PRODUCT_NAME = "$(TARGET_NAME)";
				SWIFT_VERSION = 5.0;
				TARGETED_DEVICE_FAMILY = "1,2";
			};
			name = Debug;
		};
		DBBB91D22360F34000AEEBC2 /* Release */ = {
			isa = XCBuildConfiguration;
			buildSettings = {
				ASSETCATALOG_COMPILER_APPICON_NAME = AppIcon;
				CODE_SIGN_STYLE = Automatic;
				INFOPLIST_FILE = 100DaysChallenge1/Info.plist;
				LD_RUNPATH_SEARCH_PATHS = (
					"$(inherited)",
					"@executable_path/Frameworks",
				);
				PRODUCT_BUNDLE_IDENTIFIER = "com.taayers.-00DaysChallenge1";
				PRODUCT_NAME = "$(TARGET_NAME)";
				SWIFT_VERSION = 5.0;
				TARGETED_DEVICE_FAMILY = "1,2";
			};
			name = Release;
		};
/* End XCBuildConfiguration section */

/* Begin XCConfigurationList section */
		DBBB91B72360F33F00AEEBC2 /* Build configuration list for PBXProject "100DaysChallenge1" */ = {
			isa = XCConfigurationList;
			buildConfigurations = (
				DBBB91CE2360F34000AEEBC2 /* Debug */,
				DBBB91CF2360F34000AEEBC2 /* Release */,
			);
			defaultConfigurationIsVisible = 0;
			defaultConfigurationName = Release;
		};
		DBBB91D02360F34000AEEBC2 /* Build configuration list for PBXNativeTarget "100DaysChallenge1" */ = {
			isa = XCConfigurationList;
			buildConfigurations = (
				DBBB91D12360F34000AEEBC2 /* Debug */,
				DBBB91D22360F34000AEEBC2 /* Release */,
			);
			defaultConfigurationIsVisible = 0;
			defaultConfigurationName = Release;
		};
/* End XCConfigurationList section */
	};
	rootObject = DBBB91B42360F33F00AEEBC2 /* Project object */;
}
